
Microsoft Visual Studio Solution File, Format Version 12.00
# Visual Studio Version 17
VisualStudioVersion = 17.2.32602.215
MinimumVisualStudioVersion = 10.0.40219.1
Project("{9A19103F-16F7-4668-BE54-9A1E7A4F7556}") = "OptiNetNine", "OptiNetNine\OptiNetNine.csproj", "{5D9A020E-AE86-4902-AC8C-94C3A24297BF}"
EndProject
Project("{9A19103F-16F7-4668-BE54-9A1E7A4F7556}") = "Stott.Security.Optimizely", "..\src\Stott.Security.Optimizely\Stott.Security.Optimizely.csproj", "{2793691D-A50C-48F4-B540-C31467B127DA}"
EndProject
Project("{9A19103F-16F7-4668-BE54-9A1E7A4F7556}") = "Stott.Security.Optimizely.Test", "..\src\Stott.Security.Optimizely.Test\Stott.Security.Optimizely.Test.csproj", "{5C73FD4C-5ED8-4FF4-99C7-0B4FE74CFB88}"
EndProject
Global
	GlobalSection(SolutionConfigurationPlatforms) = preSolution
		Debug|Any CPU = Debug|Any CPU
		Release|Any CPU = Release|Any CPU
	EndGlobalSection
	GlobalSection(ProjectConfigurationPlatforms) = postSolution
		{5D9A020E-AE86-4902-AC8C-94C3A24297BF}.Debug|Any CPU.ActiveCfg = Debug|Any CPU
		{5D9A020E-AE86-4902-AC8C-94C3A24297BF}.Debug|Any CPU.Build.0 = Debug|Any CPU
		{5D9A020E-AE86-4902-AC8C-94C3A24297BF}.Release|Any CPU.ActiveCfg = Release|Any CPU
		{5D9A020E-AE86-4902-AC8C-94C3A24297BF}.Release|Any CPU.Build.0 = Release|Any CPU
		{2793691D-A50C-48F4-B540-C31467B127DA}.Debug|Any CPU.ActiveCfg = Debug|Any CPU
		{2793691D-A50C-48F4-B540-C31467B127DA}.Debug|Any CPU.Build.0 = Debug|Any CPU
		{2793691D-A50C-48F4-B540-C31467B127DA}.Release|Any CPU.ActiveCfg = Release|Any CPU
		{2793691D-A50C-48F4-B540-C31467B127DA}.Release|Any CPU.Build.0 = Release|Any CPU
		{5C73FD4C-5ED8-4FF4-99C7-0B4FE74CFB88}.Debug|Any CPU.ActiveCfg = Debug|Any CPU
		{5C73FD4C-5ED8-4FF4-99C7-0B4FE74CFB88}.Debug|Any CPU.Build.0 = Debug|Any CPU
		{5C73FD4C-5ED8-4FF4-99C7-0B4FE74CFB88}.Release|Any CPU.ActiveCfg = Release|Any CPU
		{5C73FD4C-5ED8-4FF4-99C7-0B4FE74CFB88}.Release|Any CPU.Build.0 = Release|Any CPU
	EndGlobalSection
	GlobalSection(SolutionProperties) = preSolution
		HideSolutionNode = FALSE
	EndGlobalSection
	GlobalSection(ExtensibilityGlobals) = postSolution
		SolutionGuid = {EC53AED3-7161-4A11-BEA3-30544B259715}
	EndGlobalSection
EndGlobal
