
Microsoft Visual Studio Solution File, Format Version 12.00
# Visual Studio Version 16
VisualStudioVersion = 16.0.31515.178
MinimumVisualStudioVersion = 10.0.40219.1
Project("{9A19103F-16F7-4668-BE54-9A1E7A4F7556}") = "OptimizelyTwelveTest", "OptimizelyTwelveTest\OptimizelyTwelveTest.csproj", "{5D9A020E-AE86-4902-AC8C-94C3A24297BF}"
EndProject
Project("{9A19103F-16F7-4668-BE54-9A1E7A4F7556}") = "Stott.Optimizely.Csp.Test", "..\src\Stott.Optimizely.Csp.Test\Stott.Optimizely.Csp.Test.csproj", "{ADC9A786-7734-432F-9447-70BF8770B39A}"
EndProject
Project("{9A19103F-16F7-4668-BE54-9A1E7A4F7556}") = "Stott.Security.Core", "..\src\Stott.Security.Core\Stott.Security.Core.csproj", "{14076335-E533-4316-8E4C-A0BA5AC24D90}"
EndProject
Project("{9A19103F-16F7-4668-BE54-9A1E7A4F7556}") = "Stott.Security.Optimizely", "..\src\Stott.Security.Optimizely\Stott.Security.Optimizely.csproj", "{2793691D-A50C-48F4-B540-C31467B127DA}"
EndProject
Global
	GlobalSection(SolutionConfigurationPlatforms) = preSolution
		Debug|Any CPU = Debug|Any CPU
		Release|Any CPU = Release|Any CPU
	EndGlobalSection
	GlobalSection(ProjectConfigurationPlatforms) = postSolution
		{5D9A020E-AE86-4902-AC8C-94C3A24297BF}.Debug|Any CPU.ActiveCfg = Debug|Any CPU
		{5D9A020E-AE86-4902-AC8C-94C3A24297BF}.Debug|Any CPU.Build.0 = Debug|Any CPU
		{5D9A020E-AE86-4902-AC8C-94C3A24297BF}.Release|Any CPU.ActiveCfg = Release|Any CPU
		{5D9A020E-AE86-4902-AC8C-94C3A24297BF}.Release|Any CPU.Build.0 = Release|Any CPU
		{ADC9A786-7734-432F-9447-70BF8770B39A}.Debug|Any CPU.ActiveCfg = Debug|Any CPU
		{ADC9A786-7734-432F-9447-70BF8770B39A}.Debug|Any CPU.Build.0 = Debug|Any CPU
		{ADC9A786-7734-432F-9447-70BF8770B39A}.Release|Any CPU.ActiveCfg = Release|Any CPU
		{ADC9A786-7734-432F-9447-70BF8770B39A}.Release|Any CPU.Build.0 = Release|Any CPU
		{14076335-E533-4316-8E4C-A0BA5AC24D90}.Debug|Any CPU.ActiveCfg = Debug|Any CPU
		{14076335-E533-4316-8E4C-A0BA5AC24D90}.Debug|Any CPU.Build.0 = Debug|Any CPU
		{14076335-E533-4316-8E4C-A0BA5AC24D90}.Release|Any CPU.ActiveCfg = Release|Any CPU
		{14076335-E533-4316-8E4C-A0BA5AC24D90}.Release|Any CPU.Build.0 = Release|Any CPU
		{2793691D-A50C-48F4-B540-C31467B127DA}.Debug|Any CPU.ActiveCfg = Debug|Any CPU
		{2793691D-A50C-48F4-B540-C31467B127DA}.Debug|Any CPU.Build.0 = Debug|Any CPU
		{2793691D-A50C-48F4-B540-C31467B127DA}.Release|Any CPU.ActiveCfg = Release|Any CPU
		{2793691D-A50C-48F4-B540-C31467B127DA}.Release|Any CPU.Build.0 = Release|Any CPU
	EndGlobalSection
	GlobalSection(SolutionProperties) = preSolution
		HideSolutionNode = FALSE
	EndGlobalSection
	GlobalSection(ExtensibilityGlobals) = postSolution
		SolutionGuid = {EC53AED3-7161-4A11-BEA3-30544B259715}
	EndGlobalSection
EndGlobal
